
Microsoft Visual Studio Solution File, Format Version 12.00
# Visual Studio Version 16
VisualStudioVersion = 16.0.29814.53
MinimumVisualStudioVersion = 10.0.40219.1
Project("{FAE04EC0-301F-11D3-BF4B-00C04F79EFBC}") = "影片整理", "影片整理.csproj", "{97F66044-5055-430F-B5AD-23C6812C1F9A}"
EndProject
Global
	GlobalSection(SolutionConfigurationPlatforms) = preSolution
		Debug|Any CPU = Debug|Any CPU
		Release|Any CPU = Release|Any CPU
	EndGlobalSection
	GlobalSection(ProjectConfigurationPlatforms) = postSolution
		{97F66044-5055-430F-B5AD-23C6812C1F9A}.Debug|Any CPU.ActiveCfg = Debug|Any CPU
		{97F66044-5055-430F-B5AD-23C6812C1F9A}.Debug|Any CPU.Build.0 = Debug|Any CPU
		{97F66044-5055-430F-B5AD-23C6812C1F9A}.Release|Any CPU.ActiveCfg = Release|Any CPU
		{97F66044-5055-430F-B5AD-23C6812C1F9A}.Release|Any CPU.Build.0 = Release|Any CPU
	EndGlobalSection
	GlobalSection(SolutionProperties) = preSolution
		HideSolutionNode = FALSE
	EndGlobalSection
	GlobalSection(ExtensibilityGlobals) = postSolution
		SolutionGuid = {393792E6-AEC9-4D1D-A93D-163CA044B6B3}
	EndGlobalSection
EndGlobal
